// !$*UTF8*$!
{
	archiveVersion = 1;
	classes = {
	};
	objectVersion = 50;
	objects = {

/* Begin PBXBuildFile section */
		B93A696126333B530040560D /* start.txt in Resources */ = {isa = PBXBuildFile; fileRef = B93A696026333B530040560D /* start.txt */; };
		B9596EBD2631DC9E005BBE46 /* WordScrambleApp.swift in Sources */ = {isa = PBXBuildFile; fileRef = B9596EBC2631DC9E005BBE46 /* WordScrambleApp.swift */; };
		B9596EBF2631DC9E005BBE46 /* ContentView.swift in Sources */ = {isa = PBXBuildFile; fileRef = B9596EBE2631DC9E005BBE46 /* ContentView.swift */; };
		B9596EC12631DCA1005BBE46 /* Assets.xcassets in Resources */ = {isa = PBXBuildFile; fileRef = B9596EC02631DCA1005BBE46 /* Assets.xcassets */; };
		B9596EC42631DCA1005BBE46 /* Preview Assets.xcassets in Resources */ = {isa = PBXBuildFile; fileRef = B9596EC32631DCA1005BBE46 /* Preview Assets.xcassets */; };
/* End PBXBuildFile section */

/* Begin PBXFileReference section */
		B93A696026333B530040560D /* start.txt */ = {isa = PBXFileReference; fileEncoding = 4; lastKnownFileType = text; path = start.txt; sourceTree = "<group>"; };
		B9596EB92631DC9E005BBE46 /* WordScramble.app */ = {isa = PBXFileReference; explicitFileType = wrapper.application; includeInIndex = 0; path = WordScramble.app; sourceTree = BUILT_PRODUCTS_DIR; };
		B9596EBC2631DC9E005BBE46 /* WordScrambleApp.swift */ = {isa = PBXFileReference; lastKnownFileType = sourcecode.swift; path = WordScrambleApp.swift; sourceTree = "<group>"; };
		B9596EBE2631DC9E005BBE46 /* ContentView.swift */ = {isa = PBXFileReference; lastKnownFileType = sourcecode.swift; path = ContentView.swift; sourceTree = "<group>"; };
		B9596EC02631DCA1005BBE46 /* Assets.xcassets */ = {isa = PBXFileReference; lastKnownFileType = folder.assetcatalog; path = Assets.xcassets; sourceTree = "<group>"; };
		B9596EC32631DCA1005BBE46 /* Preview Assets.xcassets */ = {isa = PBXFileReference; lastKnownFileType = folder.assetcatalog; path = "Preview Assets.xcassets"; sourceTree = "<group>"; };
		B9596EC52631DCA1005BBE46 /* Info.plist */ = {isa = PBXFileReference; lastKnownFileType = text.plist.xml; path = Info.plist; sourceTree = "<group>"; };
/* End PBXFileReference section */

/* Begin PBXFrameworksBuildPhase section */
		B9596EB62631DC9E005BBE46 /* Frameworks */ = {
			isa = PBXFrameworksBuildPhase;
			buildActionMask = 2147483647;
			files = (
			);
			runOnlyForDeploymentPostprocessing = 0;
		};
/* End PBXFrameworksBuildPhase section */

/* Begin PBXGroup section */
		B9596EB02631DC9E005BBE46 = {
			isa = PBXGroup;
			children = (
				B9596EBB2631DC9E005BBE46 /* WordScramble */,
				B9596EBA2631DC9E005BBE46 /* Products */,
			);
			sourceTree = "<group>";
		};
		B9596EBA2631DC9E005BBE46 /* Products */ = {
			isa = PBXGroup;
			children = (
				B9596EB92631DC9E005BBE46 /* WordScramble.app */,
			);
			name = Products;
			sourceTree = "<group>";
		};
		B9596EBB2631DC9E005BBE46 /* WordScramble */ = {
			isa = PBXGroup;
			children = (
				B9596EBC2631DC9E005BBE46 /* WordScrambleApp.swift */,
				B9596EBE2631DC9E005BBE46 /* ContentView.swift */,
				B9596EC02631DCA1005BBE46 /* Assets.xcassets */,
				B9596EC52631DCA1005BBE46 /* Info.plist */,
				B93A696026333B530040560D /* start.txt */,
				B9596EC22631DCA1005BBE46 /* Preview Content */,
			);
			path = WordScramble;
			sourceTree = "<group>";
		};
		B9596EC22631DCA1005BBE46 /* Preview Content */ = {
			isa = PBXGroup;
			children = (
				B9596EC32631DCA1005BBE46 /* Preview Assets.xcassets */,
			);
			path = "Preview Content";
			sourceTree = "<group>";
		};
/* End PBXGroup section */

/* Begin PBXNativeTarget section */
		B9596EB82631DC9E005BBE46 /* WordScramble */ = {
			isa = PBXNativeTarget;
			buildConfigurationList = B9596EC82631DCA1005BBE46 /* Build configuration list for PBXNativeTarget "WordScramble" */;
			buildPhases = (
				B9596EB52631DC9E005BBE46 /* Sources */,
				B9596EB62631DC9E005BBE46 /* Frameworks */,
				B9596EB72631DC9E005BBE46 /* Resources */,
			);
			buildRules = (
			);
			dependencies = (
			);
			name = WordScramble;
			productName = WordScramble;
			productReference = B9596EB92631DC9E005BBE46 /* WordScramble.app */;
			productType = "com.apple.product-type.application";
		};
/* End PBXNativeTarget section */

/* Begin PBXProject section */
		B9596EB12631DC9E005BBE46 /* Project object */ = {
			isa = PBXProject;
			attributes = {
				LastSwiftUpdateCheck = 1220;
				LastUpgradeCheck = 1220;
				TargetAttributes = {
					B9596EB82631DC9E005BBE46 = {
						CreatedOnToolsVersion = 12.2;
					};
				};
			};
			buildConfigurationList = B9596EB42631DC9E005BBE46 /* Build configuration list for PBXProject "WordScramble" */;
			compatibilityVersion = "Xcode 9.3";
			developmentRegion = en;
			hasScannedForEncodings = 0;
			knownRegions = (
				en,
				Base,
			);
			mainGroup = B9596EB02631DC9E005BBE46;
			productRefGroup = B9596EBA2631DC9E005BBE46 /* Products */;
			projectDirPath = "";
			projectRoot = "";
			targets = (
				B9596EB82631DC9E005BBE46 /* WordScramble */,
			);
		};
/* End PBXProject section */

/* Begin PBXResourcesBuildPhase section */
		B9596EB72631DC9E005BBE46 /* Resources */ = {
			isa = PBXResourcesBuildPhase;
			buildActionMask = 2147483647;
			files = (
				B9596EC42631DCA1005BBE46 /* Preview Assets.xcassets in Resources */,
				B93A696126333B530040560D /* start.txt in Resources */,
				B9596EC12631DCA1005BBE46 /* Assets.xcassets in Resources */,
			);
			runOnlyForDeploymentPostprocessing = 0;
		};
/* End PBXResourcesBuildPhase section */

/* Begin PBXSourcesBuildPhase section */
		B9596EB52631DC9E005BBE46 /* Sources */ = {
			isa = PBXSourcesBuildPhase;
			buildActionMask = 2147483647;
			files = (
				B9596EBF2631DC9E005BBE46 /* ContentView.swift in Sources */,
				B9596EBD2631DC9E005BBE46 /* WordScrambleApp.swift in Sources */,
			);
			runOnlyForDeploymentPostprocessing = 0;
		};
/* End PBXSourcesBuildPhase section */

/* Begin XCBuildConfiguration section */
		B9596EC62631DCA1005BBE46 /* Debug */ = {
			isa = XCBuildConfiguration;
			buildSettings = {
				ALWAYS_SEARCH_USER_PATHS = NO;
				CLANG_ANALYZER_NONNULL = YES;
				CLANG_ANALYZER_NUMBER_OBJECT_CONVERSION = YES_AGGRESSIVE;
				CLANG_CXX_LANGUAGE_STANDARD = "gnu++14";
				CLANG_CXX_LIBRARY = "libc++";
				CLANG_ENABLE_MODULES = YES;
				CLANG_ENABLE_OBJC_ARC = YES;
				CLANG_ENABLE_OBJC_WEAK = YES;
				CLANG_WARN_BLOCK_CAPTURE_AUTORELEASING = YES;
				CLANG_WARN_BOOL_CONVERSION = YES;
				CLANG_WARN_COMMA = YES;
				CLANG_WARN_CONSTANT_CONVERSION = YES;
				CLANG_WARN_DEPRECATED_OBJC_IMPLEMENTATIONS = YES;
				CLANG_WARN_DIRECT_OBJC_ISA_USAGE = YES_ERROR;
				CLANG_WARN_DOCUMENTATION_COMMENTS = YES;
				CLANG_WARN_EMPTY_BODY = YES;
				CLANG_WARN_ENUM_CONVERSION = YES;
				CLANG_WARN_INFINITE_RECURSION = YES;
				CLANG_WARN_INT_CONVERSION = YES;
				CLANG_WARN_NON_LITERAL_NULL_CONVERSION = YES;
				CLANG_WARN_OBJC_IMPLICIT_RETAIN_SELF = YES;
				CLANG_WARN_OBJC_LITERAL_CONVERSION = YES;
				CLANG_WARN_OBJC_ROOT_CLASS = YES_ERROR;
				CLANG_WARN_QUOTED_INCLUDE_IN_FRAMEWORK_HEADER = YES;
				CLANG_WARN_RANGE_LOOP_ANALYSIS = YES;
				CLANG_WARN_STRICT_PROTOTYPES = YES;
				CLANG_WARN_SUSPICIOUS_MOVE = YES;
				CLANG_WARN_UNGUARDED_AVAILABILITY = YES_AGGRESSIVE;
				CLANG_WARN_UNREACHABLE_CODE = YES;
				CLANG_WARN__DUPLICATE_METHOD_MATCH = YES;
				COPY_PHASE_STRIP = NO;
				DEBUG_INFORMATION_FORMAT = dwarf;
				ENABLE_STRICT_OBJC_MSGSEND = YES;
				ENABLE_TESTABILITY = YES;
				GCC_C_LANGUAGE_STANDARD = gnu11;
				GCC_DYNAMIC_NO_PIC = NO;
				GCC_NO_COMMON_BLOCKS = YES;
				GCC_OPTIMIZATION_LEVEL = 0;
				GCC_PREPROCESSOR_DEFINITIONS = (
					"DEBUG=1",
					"$(inherited)",
				);
				GCC_WARN_64_TO_32_BIT_CONVERSION = YES;
				GCC_WARN_ABOUT_RETURN_TYPE = YES_ERROR;
				GCC_WARN_UNDECLARED_SELECTOR = YES;
				GCC_WARN_UNINITIALIZED_AUTOS = YES_AGGRESSIVE;
				GCC_WARN_UNUSED_FUNCTION = YES;
				GCC_WARN_UNUSED_VARIABLE = YES;
				IPHONEOS_DEPLOYMENT_TARGET = 14.2;
				MTL_ENABLE_DEBUG_INFO = INCLUDE_SOURCE;
				MTL_FAST_MATH = YES;
				ONLY_ACTIVE_ARCH = YES;
				SDKROOT = iphoneos;
				SWIFT_ACTIVE_COMPILATION_CONDITIONS = DEBUG;
				SWIFT_OPTIMIZATION_LEVEL = "-Onone";
			};
			name = Debug;
		};
		B9596EC72631DCA1005BBE46 /* Release */ = {
			isa = XCBuildConfiguration;
			buildSettings = {
				ALWAYS_SEARCH_USER_PATHS = NO;
				CLANG_ANALYZER_NONNULL = YES;
				CLANG_ANALYZER_NUMBER_OBJECT_CONVERSION = YES_AGGRESSIVE;
				CLANG_CXX_LANGUAGE_STANDARD = "gnu++14";
				CLANG_CXX_LIBRARY = "libc++";
				CLANG_ENABLE_MODULES = YES;
				CLANG_ENABLE_OBJC_ARC = YES;
				CLANG_ENABLE_OBJC_WEAK = YES;
				CLANG_WARN_BLOCK_CAPTURE_AUTORELEASING = YES;
				CLANG_WARN_BOOL_CONVERSION = YES;
				CLANG_WARN_COMMA = YES;
				CLANG_WARN_CONSTANT_CONVERSION = YES;
				CLANG_WARN_DEPRECATED_OBJC_IMPLEMENTATIONS = YES;
				CLANG_WARN_DIRECT_OBJC_ISA_USAGE = YES_ERROR;
				CLANG_WARN_DOCUMENTATION_COMMENTS = YES;
				CLANG_WARN_EMPTY_BODY = YES;
				CLANG_WARN_ENUM_CONVERSION = YES;
				CLANG_WARN_INFINITE_RECURSION = YES;
				CLANG_WARN_INT_CONVERSION = YES;
				CLANG_WARN_NON_LITERAL_NULL_CONVERSION = YES;
				CLANG_WARN_OBJC_IMPLICIT_RETAIN_SELF = YES;
				CLANG_WARN_OBJC_LITERAL_CONVERSION = YES;
				CLANG_WARN_OBJC_ROOT_CLASS = YES_ERROR;
				CLANG_WARN_QUOTED_INCLUDE_IN_FRAMEWORK_HEADER = YES;
				CLANG_WARN_RANGE_LOOP_ANALYSIS = YES;
				CLANG_WARN_STRICT_PROTOTYPES = YES;
				CLANG_WARN_SUSPICIOUS_MOVE = YES;
				CLANG_WARN_UNGUARDED_AVAILABILITY = YES_AGGRESSIVE;
				CLANG_WARN_UNREACHABLE_CODE = YES;
				CLANG_WARN__DUPLICATE_METHOD_MATCH = YES;
				COPY_PHASE_STRIP = NO;
				DEBUG_INFORMATION_FORMAT = "dwarf-with-dsym";
				ENABLE_NS_ASSERTIONS = NO;
				ENABLE_STRICT_OBJC_MSGSEND = YES;
				GCC_C_LANGUAGE_STANDARD = gnu11;
				GCC_NO_COMMON_BLOCKS = YES;
				GCC_WARN_64_TO_32_BIT_CONVERSION = YES;
				GCC_WARN_ABOUT_RETURN_TYPE = YES_ERROR;
				GCC_WARN_UNDECLARED_SELECTOR = YES;
				GCC_WARN_UNINITIALIZED_AUTOS = YES_AGGRESSIVE;
				GCC_WARN_UNUSED_FUNCTION = YES;
				GCC_WARN_UNUSED_VARIABLE = YES;
				IPHONEOS_DEPLOYMENT_TARGET = 14.2;
				MTL_ENABLE_DEBUG_INFO = NO;
				MTL_FAST_MATH = YES;
				SDKROOT = iphoneos;
				SWIFT_COMPILATION_MODE = wholemodule;
				SWIFT_OPTIMIZATION_LEVEL = "-O";
				VALIDATE_PRODUCT = YES;
			};
			name = Release;
		};
		B9596EC92631DCA1005BBE46 /* Debug */ = {
			isa = XCBuildConfiguration;
			buildSettings = {
				ASSETCATALOG_COMPILER_APPICON_NAME = AppIcon;
				ASSETCATALOG_COMPILER_GLOBAL_ACCENT_COLOR_NAME = AccentColor;
				CODE_SIGN_STYLE = Automatic;
				DEVELOPMENT_ASSET_PATHS = "\"WordScramble/Preview Content\"";
				ENABLE_PREVIEWS = YES;
				INFOPLIST_FILE = WordScramble/Info.plist;
				IPHONEOS_DEPLOYMENT_TARGET = 14.0;
				LD_RUNPATH_SEARCH_PATHS = (
					"$(inherited)",
					"@executable_path/Frameworks",
				);
				PRODUCT_BUNDLE_IDENTIFIER = com.example1.WordScramble;
				PRODUCT_NAME = "$(TARGET_NAME)";
				SWIFT_VERSION = 5.0;
				TARGETED_DEVICE_FAMILY = "1,2";
			};
			name = Debug;
		};
		B9596ECA2631DCA1005BBE46 /* Release */ = {
			isa = XCBuildConfiguration;
			buildSettings = {
				ASSETCATALOG_COMPILER_APPICON_NAME = AppIcon;
				ASSETCATALOG_COMPILER_GLOBAL_ACCENT_COLOR_NAME = AccentColor;
				CODE_SIGN_STYLE = Automatic;
				DEVELOPMENT_ASSET_PATHS = "\"WordScramble/Preview Content\"";
				ENABLE_PREVIEWS = YES;
				INFOPLIST_FILE = WordScramble/Info.plist;
				IPHONEOS_DEPLOYMENT_TARGET = 14.0;
				LD_RUNPATH_SEARCH_PATHS = (
					"$(inherited)",
					"@executable_path/Frameworks",
				);
				PRODUCT_BUNDLE_IDENTIFIER = com.example1.WordScramble;
				PRODUCT_NAME = "$(TARGET_NAME)";
				SWIFT_VERSION = 5.0;
				TARGETED_DEVICE_FAMILY = "1,2";
			};
			name = Release;
		};
/* End XCBuildConfiguration section */

/* Begin XCConfigurationList section */
		B9596EB42631DC9E005BBE46 /* Build configuration list for PBXProject "WordScramble" */ = {
			isa = XCConfigurationList;
			buildConfigurations = (
				B9596EC62631DCA1005BBE46 /* Debug */,
				B9596EC72631DCA1005BBE46 /* Release */,
			);
			defaultConfigurationIsVisible = 0;
			defaultConfigurationName = Release;
		};
		B9596EC82631DCA1005BBE46 /* Build configuration list for PBXNativeTarget "WordScramble" */ = {
			isa = XCConfigurationList;
			buildConfigurations = (
				B9596EC92631DCA1005BBE46 /* Debug */,
				B9596ECA2631DCA1005BBE46 /* Release */,
			);
			defaultConfigurationIsVisible = 0;
			defaultConfigurationName = Release;
		};
/* End XCConfigurationList section */
	};
	rootObject = B9596EB12631DC9E005BBE46 /* Project object */;
}
